
Microsoft Visual Studio Solution File, Format Version 12.00
# Visual Studio Version 16
VisualStudioVersion = 16.0.32002.261
MinimumVisualStudioVersion = 10.0.40219.1
Project("{FAE04EC0-301F-11D3-BF4B-00C04F79EFBC}") = "Raya_T", "Raya_T.csproj", "{27836A1A-3CB2-4940-A6C9-51762FD454C6}"
EndProject
Global
	GlobalSection(SolutionConfigurationPlatforms) = preSolution
		Debug|Any CPU = Debug|Any CPU
		Release|Any CPU = Release|Any CPU
	EndGlobalSection
	GlobalSection(ProjectConfigurationPlatforms) = postSolution
		{27836A1A-3CB2-4940-A6C9-51762FD454C6}.Debug|Any CPU.ActiveCfg = Debug|Any CPU
		{27836A1A-3CB2-4940-A6C9-51762FD454C6}.Debug|Any CPU.Build.0 = Debug|Any CPU
		{27836A1A-3CB2-4940-A6C9-51762FD454C6}.Release|Any CPU.ActiveCfg = Release|Any CPU
		{27836A1A-3CB2-4940-A6C9-51762FD454C6}.Release|Any CPU.Build.0 = Release|Any CPU
	EndGlobalSection
	GlobalSection(SolutionProperties) = preSolution
		HideSolutionNode = FALSE
	EndGlobalSection
	GlobalSection(ExtensibilityGlobals) = postSolution
		SolutionGuid = {35952117-5635-4795-AB27-9E279E22BDC9}
	EndGlobalSection
EndGlobal
